PODS:
  - Canvas (0.1.2)
  - LiquidFloatingActionButton (0.1.1)
  - MRLCircleChart (0.3.5)

DEPENDENCIES:
  - Canvas
  - LiquidFloatingActionButton (from `https://github.com/yoavlt/LiquidFloatingActionButton.git`, branch `swift-2.0`)
  - MRLCircleChart (from `../`)

EXTERNAL SOURCES:
  LiquidFloatingActionButton:
    :branch: swift-2.0
    :git: https://github.com/yoavlt/LiquidFloatingActionButton.git
  MRLCircleChart:
    :path: ../

CHECKOUT OPTIONS:
  LiquidFloatingActionButton:
    :commit: 25de77f23df84e0a0981193abecced8afc2ed9c7
    :git: https://github.com/yoavlt/LiquidFloatingActionButton.git

SPEC CHECKSUMS:
  Canvas: eb861e3b555d032648146c8ffda1a5dea40059ca
  LiquidFloatingActionButton: dcdae1e59eb07eccbf60c027001a4d6731c345c9
  MRLCircleChart: 5cba6c79e1f91ec6b472a413bad1fee57ccd7d17

PODFILE CHECKSUM: e4b0392caf397de4e45acd07bb393769a74171a9

COCOAPODS: 1.0.1
