PODS:
  - Alamofire (3.4.1)
  - Canvas (0.1.2)
  - Charts (2.2.5):
    - Charts/Core (= 2.2.5)
  - Charts/Core (2.2.5)
  - Device (1.0.1)
  - LiquidFloatingActionButton (0.1.1)
  - MRLCircleChart (0.3.5)
  - PKHUD (3.1.0)
  - SwiftyJSON (2.3.2)
  - SwiftyUserDefaults (2.2.0)

DEPENDENCIES:
  - Alamofire (~> 3.4)
  - Canvas
  - Charts
  - Device (~> 1.0.1)
  - LiquidFloatingActionButton (from `https://github.com/yoavlt/LiquidFloatingActionButton.git`, branch `swift-2.0`)
  - MRLCircleChart (from `../`)
  - PKHUD
  - SwiftyJSON
  - SwiftyUserDefaults

EXTERNAL SOURCES:
  LiquidFloatingActionButton:
    :branch: swift-2.0
    :git: https://github.com/yoavlt/LiquidFloatingActionButton.git
  MRLCircleChart:
    :path: ../

CHECKOUT OPTIONS:
  LiquidFloatingActionButton:
    :commit: 25de77f23df84e0a0981193abecced8afc2ed9c7
    :git: https://github.com/yoavlt/LiquidFloatingActionButton.git

SPEC CHECKSUMS:
  Alamofire: 01a82e2f6c0f860ade35534c8dd88be61bdef40c
  Canvas: eb861e3b555d032648146c8ffda1a5dea40059ca
  Charts: b48fcc8d7190de910ff9e9748f5360c8ea7856e5
  Device: 7ed5b87db148886e8c3cbcdde5dc997baddbe10b
  LiquidFloatingActionButton: dcdae1e59eb07eccbf60c027001a4d6731c345c9
  MRLCircleChart: 5cba6c79e1f91ec6b472a413bad1fee57ccd7d17
  PKHUD: 4167eccdb1b3a892fd80ce2b51cb6ba412a889ab
  SwiftyJSON: 04ccea08915aa0109039157c7974cf0298da292a
  SwiftyUserDefaults: e7c8197a9d4068702e7f2406a968cae413b8de27

PODFILE CHECKSUM: 2d6661e12ae11615291b22041b9780202ccd809c

COCOAPODS: 1.0.1
